github.com/vhive-serverless/vHive/scripts/cloudlab v0.0.0-20231114022852-400a49d284cb h1:160irhQXgt1fhQmsMUhvX0Qz5HDuUTLa9F2mV6qk+7I=
github.com/vhive-serverless/vHive/scripts/cloudlab v0.0.0-20231114022852-400a49d284cb/go.mod h1:dKtqBN1o285GO3eUYoKaPpEBxkc/9ppVBw0kWyx/2Pk=
github.com/vhive-serverless/vHive/scripts/cluster v0.0.0-20231114022852-400a49d284cb h1:kwWArZ5hXQ1pgMfmcTwpXYZa3mejoWm0YFkNDyZt0MA=
github.com/vhive-serverless/vHive/scripts/cluster v0.0.0-20231114022852-400a49d284cb/go.mod h1:LXlnB1M9429B4JFcd9wNez6CrTLBRlKrWepOVbUCJgo=
github.com/vhive-serverless/vHive/scripts/configs v0.0.0-20231114022852-400a49d284cb h1:JoudbjIOvkLiDY7WjaQosP0IKipHnlxFOCIeICQrtRQ=
github.com/vhive-serverless/vHive/scripts/configs v0.0.0-20231114022852-400a49d284cb/go.mod h1:nJSon4Eng7PdZ4HJX9dnZ7H4qxVm/r5zseFPfom7Jto=
github.com/vhive-serverless/vHive/scripts/gpu v0.0.0-20231114022852-400a49d284cb h1:I1+6+ZLOSN7KqAUSbvyz3p4A2fTc1cXmldcr72keUTE=
github.com/vhive-serverless/vHive/scripts/gpu v0.0.0-20231114022852-400a49d284cb/go.mod h1:kx3Zk7h7oJgXwVvBQVYp5THSmu0zvecqXWpAGg6bO08=
github.com/vhive-serverless/vHive/scripts/setup v0.0.0-20231114022852-400a49d284cb h1:POJE8PAcZNRI+G7OCx4xBo1BQQVy/84lV9MfmAIkjbQ=
github.com/vhive-serverless/vHive/scripts/setup v0.0.0-20231114022852-400a49d284cb/go.mod h1:SEHtCOiwrKff7H0r5hSO0Ew8kzDJESEH+ByZboneZHU=
github.com/vhive-serverless/vHive/scripts/stargz v0.0.0-20231114022852-400a49d284cb h1:ApnHcpxvR1VAD1mghNsJ/gSxe4pjJKQJbRy2Kigcwak=
github.com/vhive-serverless/vHive/scripts/stargz v0.0.0-20231114022852-400a49d284cb/go.mod h1:7rmRiEXJ/XqgAwJz9p2VrbFL+K7sHh9FM7iJmt1oqJA=
github.com/vhive-serverless/vHive/scripts/utils v0.0.0-20231114022852-400a49d284cb h1:SmFLKJc4wAhr61ige8hoLiLWDKAI2uewBQUNejI63Hs=
github.com/vhive-serverless/vHive/scripts/utils v0.0.0-20231114022852-400a49d284cb/go.mod h1:xyjKlPn6JqSQtzKOCu8L4DW4rQcNmhxK9f97cOPo0Sg=
